
Microsoft Visual Studio Solution File, Format Version 12.00
# Visual Studio Version 17
VisualStudioVersion = 17.8.34525.116
MinimumVisualStudioVersion = 10.0.40219.1
Project("{9A19103F-16F7-4668-BE54-9A1E7A4F7556}") = "Builder", "Builder\Builder.csproj", "{2A52DCA9-C0C2-42D4-80B9-4699DF3AD629}"
EndProject
Project("{9A19103F-16F7-4668-BE54-9A1E7A4F7556}") = "BuilderHamburger", "BuilderHamburger\BuilderHamburger.csproj", "{1F6E3196-913C-4D70-ACA2-80D26D885D8B}"
EndProject
Global
	GlobalSection(SolutionConfigurationPlatforms) = preSolution
		Debug|Any CPU = Debug|Any CPU
		Release|Any CPU = Release|Any CPU
	EndGlobalSection
	GlobalSection(ProjectConfigurationPlatforms) = postSolution
		{2A52DCA9-C0C2-42D4-80B9-4699DF3AD629}.Debug|Any CPU.ActiveCfg = Debug|Any CPU
		{2A52DCA9-C0C2-42D4-80B9-4699DF3AD629}.Debug|Any CPU.Build.0 = Debug|Any CPU
		{2A52DCA9-C0C2-42D4-80B9-4699DF3AD629}.Release|Any CPU.ActiveCfg = Release|Any CPU
		{2A52DCA9-C0C2-42D4-80B9-4699DF3AD629}.Release|Any CPU.Build.0 = Release|Any CPU
		{1F6E3196-913C-4D70-ACA2-80D26D885D8B}.Debug|Any CPU.ActiveCfg = Debug|Any CPU
		{1F6E3196-913C-4D70-ACA2-80D26D885D8B}.Debug|Any CPU.Build.0 = Debug|Any CPU
		{1F6E3196-913C-4D70-ACA2-80D26D885D8B}.Release|Any CPU.ActiveCfg = Release|Any CPU
		{1F6E3196-913C-4D70-ACA2-80D26D885D8B}.Release|Any CPU.Build.0 = Release|Any CPU
	EndGlobalSection
	GlobalSection(SolutionProperties) = preSolution
		HideSolutionNode = FALSE
	EndGlobalSection
	GlobalSection(ExtensibilityGlobals) = postSolution
		SolutionGuid = {BF624027-46CD-43DB-BE15-9E42B62CEAA5}
	EndGlobalSection
EndGlobal
